{
  "lockfile_version": "1",
  "packages": {
    "kind@latest": {
      "last_modified": "2025-01-25T23:17:58Z",
      "resolved": "github:NixOS/nixpkgs/b582bb5b0d7af253b05d58314b85ab8ec46b8d19#kind",
      "source": "devbox-search",
      "version": "0.26.0",
      "systems": {
        "aarch64-darwin": {
          "outputs": [
            {
              "name": "out",
              "path": "/nix/store/4j12j5zijvbcyafx85a2qh8jkv4m6lnz-kind-0.26.0",
              "default": true
            }
          ],
          "store_path": "/nix/store/4j12j5zijvbcyafx85a2qh8jkv4m6lnz-kind-0.26.0"
        },
        "aarch64-linux": {
          "outputs": [
            {
              "name": "out",
              "path": "/nix/store/gkpan5sh4kmbxknrf79p9ssd1j024ydb-kind-0.26.0",
              "default": true
            }
          ],
          "store_path": "/nix/store/gkpan5sh4kmbxknrf79p9ssd1j024ydb-kind-0.26.0"
        },
        "x86_64-darwin": {
          "outputs": [
            {
              "name": "out",
              "path": "/nix/store/2vsw8jyi2n4sm74sk1kbff6hq5v8nz6i-kind-0.26.0",
              "default": true
            }
          ],
          "store_path": "/nix/store/2vsw8jyi2n4sm74sk1kbff6hq5v8nz6i-kind-0.26.0"
        },
        "x86_64-linux": {
          "outputs": [
            {
              "name": "out",
              "path": "/nix/store/hp80rb9dpsk2wj5db2zngh5b8hrgwy4k-kind-0.26.0",
              "default": true
            }
          ],
          "store_path": "/nix/store/hp80rb9dpsk2wj5db2zngh5b8hrgwy4k-kind-0.26.0"
        }
      }
    },
    "nodejs@20": {
      "last_modified": "2024-11-16T04:25:12Z",
      "plugin_version": "0.0.2",
      "resolved": "github:NixOS/nixpkgs/34a626458d686f1b58139620a8b2793e9e123bba#nodejs_20",
      "source": "devbox-search",
      "version": "20.18.0",
      "systems": {
        "aarch64-darwin": {
          "outputs": [
            {
              "name": "out",
              "path": "/nix/store/9grahx8677nlgbx3yfiggibw335lkgfr-nodejs-20.18.0",
              "default": true
            },
            {
              "name": "libv8",
              "path": "/nix/store/hfchgw1as9fm02wcyr3iqya05ylll5f3-nodejs-20.18.0-libv8"
            }
          ],
          "store_path": "/nix/store/9grahx8677nlgbx3yfiggibw335lkgfr-nodejs-20.18.0"
        },
        "aarch64-linux": {
          "outputs": [
            {
              "name": "out",
              "path": "/nix/store/hsh74yzdb9yk834w9j5qz0w3sw84wcfv-nodejs-20.18.0",
              "default": true
            },
            {
              "name": "libv8",
              "path": "/nix/store/yajvza262cb3bri9cryfrgpm3pvc066n-nodejs-20.18.0-libv8"
            }
          ],
          "store_path": "/nix/store/hsh74yzdb9yk834w9j5qz0w3sw84wcfv-nodejs-20.18.0"
        },
        "x86_64-darwin": {
          "outputs": [
            {
              "name": "out",
              "path": "/nix/store/v8p36abnvrn9i5h41zkgrayaj7sclv6z-nodejs-20.18.0",
              "default": true
            },
            {
              "name": "libv8",
              "path": "/nix/store/93xdzgjsm1dnnw33lnba4i7h7k5yph4k-nodejs-20.18.0-libv8"
            }
          ],
          "store_path": "/nix/store/v8p36abnvrn9i5h41zkgrayaj7sclv6z-nodejs-20.18.0"
        },
        "x86_64-linux": {
          "outputs": [
            {
              "name": "out",
              "path": "/nix/store/z0ivg3dbal4sk5h0c7p1pfkxc7ff98ri-nodejs-20.18.0",
              "default": true
            },
            {
              "name": "libv8",
              "path": "/nix/store/czcxwki3zqih2pf355zk0vxbmrij2bzx-nodejs-20.18.0-libv8"
            }
          ],
          "store_path": "/nix/store/z0ivg3dbal4sk5h0c7p1pfkxc7ff98ri-nodejs-20.18.0"
        }
      }
    },
    "pulumi-bin@latest": {
      "last_modified": "2025-01-31T04:26:24Z",
      "resolved": "github:NixOS/nixpkgs/9189ac18287c599860e878e905da550aa6dec1cd#pulumi-bin",
      "source": "devbox-search",
      "version": "3.147.0",
      "systems": {
        "aarch64-darwin": {
          "outputs": [
            {
              "name": "out",
              "path": "/nix/store/14y5iq08wzp6xrg99bqz4jij499d7yqm-pulumi-3.147.0",
              "default": true
            }
          ],
          "store_path": "/nix/store/14y5iq08wzp6xrg99bqz4jij499d7yqm-pulumi-3.147.0"
        },
        "aarch64-linux": {
          "outputs": [
            {
              "name": "out",
              "path": "/nix/store/jp60im89g0f3cl0xjr6idvnwihaj5s6l-pulumi-3.147.0",
              "default": true
            }
          ],
          "store_path": "/nix/store/jp60im89g0f3cl0xjr6idvnwihaj5s6l-pulumi-3.147.0"
        },
        "x86_64-darwin": {
          "outputs": [
            {
              "name": "out",
              "path": "/nix/store/62fvkqmx3d7gsqrp04rr3bshmxbdcqj3-pulumi-3.147.0",
              "default": true
            }
          ],
          "store_path": "/nix/store/62fvkqmx3d7gsqrp04rr3bshmxbdcqj3-pulumi-3.147.0"
        },
        "x86_64-linux": {
          "outputs": [
            {
              "name": "out",
              "path": "/nix/store/lr5prw5lx83zv91vmn9g84sp3qyphlxz-pulumi-3.147.0",
              "default": true
            }
          ],
          "store_path": "/nix/store/lr5prw5lx83zv91vmn9g84sp3qyphlxz-pulumi-3.147.0"
        }
      }
    },
    "steampipe@latest": {
      "last_modified": "2024-12-23T21:10:33Z",
      "resolved": "github:NixOS/nixpkgs/de1864217bfa9b5845f465e771e0ecb48b30e02d#steampipe",
      "source": "devbox-search",
      "version": "1.0.1",
      "systems": {
        "aarch64-darwin": {
          "outputs": [
            {
              "name": "out",
              "path": "/nix/store/3ycnsr6y9n3l6fjlaf7fxzvaarx6ndjh-steampipe-1.0.1",
              "default": true
            }
          ],
          "store_path": "/nix/store/3ycnsr6y9n3l6fjlaf7fxzvaarx6ndjh-steampipe-1.0.1"
        },
        "aarch64-linux": {
          "outputs": [
            {
              "name": "out",
              "path": "/nix/store/ip45y7jfdi095cvs8q1nwbllb1xxazdg-steampipe-1.0.1",
              "default": true
            }
          ],
          "store_path": "/nix/store/ip45y7jfdi095cvs8q1nwbllb1xxazdg-steampipe-1.0.1"
        },
        "x86_64-darwin": {
          "outputs": [
            {
              "name": "out",
              "path": "/nix/store/ppiiamnsqxyb6bkbnil3z60f18wivxsk-steampipe-1.0.1",
              "default": true
            }
          ],
          "store_path": "/nix/store/ppiiamnsqxyb6bkbnil3z60f18wivxsk-steampipe-1.0.1"
        },
        "x86_64-linux": {
          "outputs": [
            {
              "name": "out",
              "path": "/nix/store/s7h7ik8kzqck3fh3bw0nhlr0cb23bfiw-steampipe-1.0.1",
              "default": true
            }
          ],
          "store_path": "/nix/store/s7h7ik8kzqck3fh3bw0nhlr0cb23bfiw-steampipe-1.0.1"
        }
      }
    },
    "tailscale@latest": {
      "last_modified": "2025-01-21T12:51:11Z",
      "resolved": "github:NixOS/nixpkgs/e1996d7bdaf4eafdb85690079b9e02b25dc14e4f#tailscale",
      "source": "devbox-search",
      "version": "1.78.1",
      "systems": {
        "aarch64-darwin": {
          "outputs": [
            {
              "name": "out",
              "path": "/nix/store/sqm0mqmnyzxbdcxzh52808xpz5xpq51p-tailscale-1.78.1",
              "default": true
            },
            {
              "name": "derper",
              "path": "/nix/store/9gzk1s0dwyl7qbwl18h5w134yrps6bch-tailscale-1.78.1-derper"
            }
          ],
          "store_path": "/nix/store/sqm0mqmnyzxbdcxzh52808xpz5xpq51p-tailscale-1.78.1"
        },
        "aarch64-linux": {
          "outputs": [
            {
              "name": "out",
              "path": "/nix/store/znhn0knbznvwmz993z4rkwan10zby5zm-tailscale-1.78.1",
              "default": true
            },
            {
              "name": "derper",
              "path": "/nix/store/bk9307j33fyz9bl18mzalpl1j4nnmy5r-tailscale-1.78.1-derper"
            }
          ],
          "store_path": "/nix/store/znhn0knbznvwmz993z4rkwan10zby5zm-tailscale-1.78.1"
        },
        "x86_64-darwin": {
          "outputs": [
            {
              "name": "out",
              "path": "/nix/store/wpwak5gyihis3hi10ysjsscnmi75b95h-tailscale-1.78.1",
              "default": true
            },
            {
              "name": "derper",
              "path": "/nix/store/3p364mmssisrm6r48bzq2m9m3igz8bq6-tailscale-1.78.1-derper"
            }
          ],
          "store_path": "/nix/store/wpwak5gyihis3hi10ysjsscnmi75b95h-tailscale-1.78.1"
        },
        "x86_64-linux": {
          "outputs": [
            {
              "name": "out",
              "path": "/nix/store/vxw6q4r5rs0z102qzs7zmr9jhh5fwkqn-tailscale-1.78.1",
              "default": true
            },
            {
              "name": "derper",
              "path": "/nix/store/i8gpq5g8l80c2ahn7fihbv1gj2s352vx-tailscale-1.78.1-derper"
            }
          ],
          "store_path": "/nix/store/vxw6q4r5rs0z102qzs7zmr9jhh5fwkqn-tailscale-1.78.1"
        }
      }
    }
  }
}
